// !$*UTF8*$!
{
	archiveVersion = 1;
	classes = {
	};
	objectVersion = 51;
	objects = {

/* Begin PBXBuildFile section */
		4F3A94968247628A1F64AD35 /* Pods_SkyWay_Test.framework in Frameworks */ = {isa = PBXBuildFile; fileRef = C459CECE917B17F07AFDC5F6 /* Pods_SkyWay_Test.framework */; };
		752EEFDB2529746400ED7415 /* AppDelegate.swift in Sources */ = {isa = PBXBuildFile; fileRef = 752EEFDA2529746400ED7415 /* AppDelegate.swift */; };
		752EEFDD2529746400ED7415 /* SceneDelegate.swift in Sources */ = {isa = PBXBuildFile; fileRef = 752EEFDC2529746400ED7415 /* SceneDelegate.swift */; };
		752EEFDF2529746400ED7415 /* ViewController.swift in Sources */ = {isa = PBXBuildFile; fileRef = 752EEFDE2529746400ED7415 /* ViewController.swift */; };
		752EEFE22529746400ED7415 /* Main.storyboard in Resources */ = {isa = PBXBuildFile; fileRef = 752EEFE02529746400ED7415 /* Main.storyboard */; };
		752EEFE42529746600ED7415 /* Assets.xcassets in Resources */ = {isa = PBXBuildFile; fileRef = 752EEFE32529746600ED7415 /* Assets.xcassets */; };
		752EEFE72529746600ED7415 /* LaunchScreen.storyboard in Resources */ = {isa = PBXBuildFile; fileRef = 752EEFE52529746600ED7415 /* LaunchScreen.storyboard */; };
		752EEFF5252978BF00ED7415 /* StreamViewController.swift in Sources */ = {isa = PBXBuildFile; fileRef = 752EEFF4252978BF00ED7415 /* StreamViewController.swift */; };
		752EEFF9252978DF00ED7415 /* StreamViewController.storyboard in Resources */ = {isa = PBXBuildFile; fileRef = 752EEFF8252978DF00ED7415 /* StreamViewController.storyboard */; };
/* End PBXBuildFile section */

/* Begin PBXFileReference section */
		6AF1B879B95D71530234FDF6 /* Pods-SkyWay Test.release.xcconfig */ = {isa = PBXFileReference; includeInIndex = 1; lastKnownFileType = text.xcconfig; name = "Pods-SkyWay Test.release.xcconfig"; path = "Target Support Files/Pods-SkyWay Test/Pods-SkyWay Test.release.xcconfig"; sourceTree = "<group>"; };
		7107BEB71196714FA3114AD6 /* Pods-SkyWay Test.debug.xcconfig */ = {isa = PBXFileReference; includeInIndex = 1; lastKnownFileType = text.xcconfig; name = "Pods-SkyWay Test.debug.xcconfig"; path = "Target Support Files/Pods-SkyWay Test/Pods-SkyWay Test.debug.xcconfig"; sourceTree = "<group>"; };
		752EEFD72529746400ED7415 /* SkyWay Test.app */ = {isa = PBXFileReference; explicitFileType = wrapper.application; includeInIndex = 0; path = "SkyWay Test.app"; sourceTree = BUILT_PRODUCTS_DIR; };
		752EEFDA2529746400ED7415 /* AppDelegate.swift */ = {isa = PBXFileReference; lastKnownFileType = sourcecode.swift; path = AppDelegate.swift; sourceTree = "<group>"; };
		752EEFDC2529746400ED7415 /* SceneDelegate.swift */ = {isa = PBXFileReference; lastKnownFileType = sourcecode.swift; path = SceneDelegate.swift; sourceTree = "<group>"; };
		752EEFDE2529746400ED7415 /* ViewController.swift */ = {isa = PBXFileReference; lastKnownFileType = sourcecode.swift; path = ViewController.swift; sourceTree = "<group>"; };
		752EEFE12529746400ED7415 /* Base */ = {isa = PBXFileReference; lastKnownFileType = file.storyboard; name = Base; path = Base.lproj/Main.storyboard; sourceTree = "<group>"; };
		752EEFE32529746600ED7415 /* Assets.xcassets */ = {isa = PBXFileReference; lastKnownFileType = folder.assetcatalog; path = Assets.xcassets; sourceTree = "<group>"; };
		752EEFE62529746600ED7415 /* Base */ = {isa = PBXFileReference; lastKnownFileType = file.storyboard; name = Base; path = Base.lproj/LaunchScreen.storyboard; sourceTree = "<group>"; };
		752EEFE82529746600ED7415 /* Info.plist */ = {isa = PBXFileReference; lastKnownFileType = text.plist.xml; path = Info.plist; sourceTree = "<group>"; };
		752EEFF4252978BF00ED7415 /* StreamViewController.swift */ = {isa = PBXFileReference; lastKnownFileType = sourcecode.swift; path = StreamViewController.swift; sourceTree = "<group>"; };
		752EEFF8252978DF00ED7415 /* StreamViewController.storyboard */ = {isa = PBXFileReference; lastKnownFileType = file.storyboard; path = StreamViewController.storyboard; sourceTree = "<group>"; };
		C459CECE917B17F07AFDC5F6 /* Pods_SkyWay_Test.framework */ = {isa = PBXFileReference; explicitFileType = wrapper.framework; includeInIndex = 0; path = Pods_SkyWay_Test.framework; sourceTree = BUILT_PRODUCTS_DIR; };
/* End PBXFileReference section */

/* Begin PBXFrameworksBuildPhase section */
		752EEFD42529746400ED7415 /* Frameworks */ = {
			isa = PBXFrameworksBuildPhase;
			buildActionMask = 2147483647;
			files = (
				4F3A94968247628A1F64AD35 /* Pods_SkyWay_Test.framework in Frameworks */,
			);
			runOnlyForDeploymentPostprocessing = 0;
		};
/* End PBXFrameworksBuildPhase section */

/* Begin PBXGroup section */
		4A06204801DDE530D9C0AEA6 /* Frameworks */ = {
			isa = PBXGroup;
			children = (
				C459CECE917B17F07AFDC5F6 /* Pods_SkyWay_Test.framework */,
			);
			name = Frameworks;
			sourceTree = "<group>";
		};
		752EEFCE2529746400ED7415 = {
			isa = PBXGroup;
			children = (
				752EEFD92529746400ED7415 /* SkyWay Test */,
				752EEFD82529746400ED7415 /* Products */,
				FDFA761F12C265A91B05B4B4 /* Pods */,
				4A06204801DDE530D9C0AEA6 /* Frameworks */,
			);
			sourceTree = "<group>";
		};
		752EEFD82529746400ED7415 /* Products */ = {
			isa = PBXGroup;
			children = (
				752EEFD72529746400ED7415 /* SkyWay Test.app */,
			);
			name = Products;
			sourceTree = "<group>";
		};
		752EEFD92529746400ED7415 /* SkyWay Test */ = {
			isa = PBXGroup;
			children = (
				752EEFF32529789B00ED7415 /* SkyWayStream */,
				752EEFDA2529746400ED7415 /* AppDelegate.swift */,
				752EEFDC2529746400ED7415 /* SceneDelegate.swift */,
				752EEFDE2529746400ED7415 /* ViewController.swift */,
				752EEFE02529746400ED7415 /* Main.storyboard */,
				752EEFE32529746600ED7415 /* Assets.xcassets */,
				752EEFE52529746600ED7415 /* LaunchScreen.storyboard */,
				752EEFE82529746600ED7415 /* Info.plist */,
			);
			path = "SkyWay Test";
			sourceTree = "<group>";
		};
		752EEFF32529789B00ED7415 /* SkyWayStream */ = {
			isa = PBXGroup;
			children = (
				752EEFF4252978BF00ED7415 /* StreamViewController.swift */,
				752EEFF8252978DF00ED7415 /* StreamViewController.storyboard */,
			);
			path = SkyWayStream;
			sourceTree = "<group>";
		};
		FDFA761F12C265A91B05B4B4 /* Pods */ = {
			isa = PBXGroup;
			children = (
				7107BEB71196714FA3114AD6 /* Pods-SkyWay Test.debug.xcconfig */,
				6AF1B879B95D71530234FDF6 /* Pods-SkyWay Test.release.xcconfig */,
			);
			path = Pods;
			sourceTree = "<group>";
		};
/* End PBXGroup section */

/* Begin PBXNativeTarget section */
		752EEFD62529746400ED7415 /* SkyWay Test */ = {
			isa = PBXNativeTarget;
			buildConfigurationList = 752EEFEB2529746600ED7415 /* Build configuration list for PBXNativeTarget "SkyWay Test" */;
			buildPhases = (
				6F8FA7ADE9F90EA3FEFB867D /* [CP] Check Pods Manifest.lock */,
				752EEFD32529746400ED7415 /* Sources */,
				752EEFD42529746400ED7415 /* Frameworks */,
				752EEFD52529746400ED7415 /* Resources */,
				16CEFE43AB55FA3B4DEB8D2D /* [CP] Embed Pods Frameworks */,
			);
			buildRules = (
			);
			dependencies = (
			);
			name = "SkyWay Test";
			productName = "SkyWay Test";
			productReference = 752EEFD72529746400ED7415 /* SkyWay Test.app */;
			productType = "com.apple.product-type.application";
		};
/* End PBXNativeTarget section */

/* Begin PBXProject section */
		752EEFCF2529746400ED7415 /* Project object */ = {
			isa = PBXProject;
			attributes = {
				LastSwiftUpdateCheck = 1200;
				LastUpgradeCheck = 1200;
				TargetAttributes = {
					752EEFD62529746400ED7415 = {
						CreatedOnToolsVersion = 12.0.1;
					};
				};
			};
			buildConfigurationList = 752EEFD22529746400ED7415 /* Build configuration list for PBXProject "SkyWay Test" */;
			compatibilityVersion = "Xcode 9.3";
			developmentRegion = en;
			hasScannedForEncodings = 0;
			knownRegions = (
				en,
				Base,
			);
			mainGroup = 752EEFCE2529746400ED7415;
			productRefGroup = 752EEFD82529746400ED7415 /* Products */;
			projectDirPath = "";
			projectRoot = "";
			targets = (
				752EEFD62529746400ED7415 /* SkyWay Test */,
			);
		};
/* End PBXProject section */

/* Begin PBXResourcesBuildPhase section */
		752EEFD52529746400ED7415 /* Resources */ = {
			isa = PBXResourcesBuildPhase;
			buildActionMask = 2147483647;
			files = (
				752EEFE72529746600ED7415 /* LaunchScreen.storyboard in Resources */,
				752EEFF9252978DF00ED7415 /* StreamViewController.storyboard in Resources */,
				752EEFE42529746600ED7415 /* Assets.xcassets in Resources */,
				752EEFE22529746400ED7415 /* Main.storyboard in Resources */,
			);
			runOnlyForDeploymentPostprocessing = 0;
		};
/* End PBXResourcesBuildPhase section */

/* Begin PBXShellScriptBuildPhase section */
		16CEFE43AB55FA3B4DEB8D2D /* [CP] Embed Pods Frameworks */ = {
			isa = PBXShellScriptBuildPhase;
			buildActionMask = 2147483647;
			files = (
			);
			inputFileListPaths = (
				"${PODS_ROOT}/Target Support Files/Pods-SkyWay Test/Pods-SkyWay Test-frameworks-${CONFIGURATION}-input-files.xcfilelist",
			);
			name = "[CP] Embed Pods Frameworks";
			outputFileListPaths = (
				"${PODS_ROOT}/Target Support Files/Pods-SkyWay Test/Pods-SkyWay Test-frameworks-${CONFIGURATION}-output-files.xcfilelist",
			);
			runOnlyForDeploymentPostprocessing = 0;
			shellPath = /bin/sh;
			shellScript = "\"${PODS_ROOT}/Target Support Files/Pods-SkyWay Test/Pods-SkyWay Test-frameworks.sh\"\n";
			showEnvVarsInLog = 0;
		};
		6F8FA7ADE9F90EA3FEFB867D /* [CP] Check Pods Manifest.lock */ = {
			isa = PBXShellScriptBuildPhase;
			buildActionMask = 2147483647;
			files = (
			);
			inputFileListPaths = (
			);
			inputPaths = (
				"${PODS_PODFILE_DIR_PATH}/Podfile.lock",
				"${PODS_ROOT}/Manifest.lock",
			);
			name = "[CP] Check Pods Manifest.lock";
			outputFileListPaths = (
			);
			outputPaths = (
				"$(DERIVED_FILE_DIR)/Pods-SkyWay Test-checkManifestLockResult.txt",
			);
			runOnlyForDeploymentPostprocessing = 0;
			shellPath = /bin/sh;
			shellScript = "diff \"${PODS_PODFILE_DIR_PATH}/Podfile.lock\" \"${PODS_ROOT}/Manifest.lock\" > /dev/null\nif [ $? != 0 ] ; then\n    # print error to STDERR\n    echo \"error: The sandbox is not in sync with the Podfile.lock. Run 'pod install' or update your CocoaPods installation.\" >&2\n    exit 1\nfi\n# This output is used by Xcode 'outputs' to avoid re-running this script phase.\necho \"SUCCESS\" > \"${SCRIPT_OUTPUT_FILE_0}\"\n";
			showEnvVarsInLog = 0;
		};
/* End PBXShellScriptBuildPhase section */

/* Begin PBXSourcesBuildPhase section */
		752EEFD32529746400ED7415 /* Sources */ = {
			isa = PBXSourcesBuildPhase;
			buildActionMask = 2147483647;
			files = (
				752EEFF5252978BF00ED7415 /* StreamViewController.swift in Sources */,
				752EEFDF2529746400ED7415 /* ViewController.swift in Sources */,
				752EEFDB2529746400ED7415 /* AppDelegate.swift in Sources */,
				752EEFDD2529746400ED7415 /* SceneDelegate.swift in Sources */,
			);
			runOnlyForDeploymentPostprocessing = 0;
		};
/* End PBXSourcesBuildPhase section */

/* Begin PBXVariantGroup section */
		752EEFE02529746400ED7415 /* Main.storyboard */ = {
			isa = PBXVariantGroup;
			children = (
				752EEFE12529746400ED7415 /* Base */,
			);
			name = Main.storyboard;
			sourceTree = "<group>";
		};
		752EEFE52529746600ED7415 /* LaunchScreen.storyboard */ = {
			isa = PBXVariantGroup;
			children = (
				752EEFE62529746600ED7415 /* Base */,
			);
			name = LaunchScreen.storyboard;
			sourceTree = "<group>";
		};
/* End PBXVariantGroup section */

/* Begin XCBuildConfiguration section */
		752EEFE92529746600ED7415 /* Debug */ = {
			isa = XCBuildConfiguration;
			buildSettings = {
				ALWAYS_SEARCH_USER_PATHS = NO;
				CLANG_ANALYZER_NONNULL = YES;
				CLANG_ANALYZER_NUMBER_OBJECT_CONVERSION = YES_AGGRESSIVE;
				CLANG_CXX_LANGUAGE_STANDARD = "gnu++14";
				CLANG_CXX_LIBRARY = "libc++";
				CLANG_ENABLE_MODULES = YES;
				CLANG_ENABLE_OBJC_ARC = YES;
				CLANG_ENABLE_OBJC_WEAK = YES;
				CLANG_WARN_BLOCK_CAPTURE_AUTORELEASING = YES;
				CLANG_WARN_BOOL_CONVERSION = YES;
				CLANG_WARN_COMMA = YES;
				CLANG_WARN_CONSTANT_CONVERSION = YES;
				CLANG_WARN_DEPRECATED_OBJC_IMPLEMENTATIONS = YES;
				CLANG_WARN_DIRECT_OBJC_ISA_USAGE = YES_ERROR;
				CLANG_WARN_DOCUMENTATION_COMMENTS = YES;
				CLANG_WARN_EMPTY_BODY = YES;
				CLANG_WARN_ENUM_CONVERSION = YES;
				CLANG_WARN_INFINITE_RECURSION = YES;
				CLANG_WARN_INT_CONVERSION = YES;
				CLANG_WARN_NON_LITERAL_NULL_CONVERSION = YES;
				CLANG_WARN_OBJC_IMPLICIT_RETAIN_SELF = YES;
				CLANG_WARN_OBJC_LITERAL_CONVERSION = YES;
				CLANG_WARN_OBJC_ROOT_CLASS = YES_ERROR;
				CLANG_WARN_QUOTED_INCLUDE_IN_FRAMEWORK_HEADER = YES;
				CLANG_WARN_RANGE_LOOP_ANALYSIS = YES;
				CLANG_WARN_STRICT_PROTOTYPES = YES;
				CLANG_WARN_SUSPICIOUS_MOVE = YES;
				CLANG_WARN_UNGUARDED_AVAILABILITY = YES_AGGRESSIVE;
				CLANG_WARN_UNREACHABLE_CODE = YES;
				CLANG_WARN__DUPLICATE_METHOD_MATCH = YES;
				COPY_PHASE_STRIP = NO;
				DEBUG_INFORMATION_FORMAT = dwarf;
				ENABLE_STRICT_OBJC_MSGSEND = YES;
				ENABLE_TESTABILITY = YES;
				GCC_C_LANGUAGE_STANDARD = gnu11;
				GCC_DYNAMIC_NO_PIC = NO;
				GCC_NO_COMMON_BLOCKS = YES;
				GCC_OPTIMIZATION_LEVEL = 0;
				GCC_PREPROCESSOR_DEFINITIONS = (
					"DEBUG=1",
					"$(inherited)",
				);
				GCC_WARN_64_TO_32_BIT_CONVERSION = YES;
				GCC_WARN_ABOUT_RETURN_TYPE = YES_ERROR;
				GCC_WARN_UNDECLARED_SELECTOR = YES;
				GCC_WARN_UNINITIALIZED_AUTOS = YES_AGGRESSIVE;
				GCC_WARN_UNUSED_FUNCTION = YES;
				GCC_WARN_UNUSED_VARIABLE = YES;
				IPHONEOS_DEPLOYMENT_TARGET = 14.0;
				MTL_ENABLE_DEBUG_INFO = INCLUDE_SOURCE;
				MTL_FAST_MATH = YES;
				ONLY_ACTIVE_ARCH = YES;
				SDKROOT = iphoneos;
				SWIFT_ACTIVE_COMPILATION_CONDITIONS = DEBUG;
				SWIFT_OPTIMIZATION_LEVEL = "-Onone";
			};
			name = Debug;
		};
		752EEFEA2529746600ED7415 /* Release */ = {
			isa = XCBuildConfiguration;
			buildSettings = {
				ALWAYS_SEARCH_USER_PATHS = NO;
				CLANG_ANALYZER_NONNULL = YES;
				CLANG_ANALYZER_NUMBER_OBJECT_CONVERSION = YES_AGGRESSIVE;
				CLANG_CXX_LANGUAGE_STANDARD = "gnu++14";
				CLANG_CXX_LIBRARY = "libc++";
				CLANG_ENABLE_MODULES = YES;
				CLANG_ENABLE_OBJC_ARC = YES;
				CLANG_ENABLE_OBJC_WEAK = YES;
				CLANG_WARN_BLOCK_CAPTURE_AUTORELEASING = YES;
				CLANG_WARN_BOOL_CONVERSION = YES;
				CLANG_WARN_COMMA = YES;
				CLANG_WARN_CONSTANT_CONVERSION = YES;
				CLANG_WARN_DEPRECATED_OBJC_IMPLEMENTATIONS = YES;
				CLANG_WARN_DIRECT_OBJC_ISA_USAGE = YES_ERROR;
				CLANG_WARN_DOCUMENTATION_COMMENTS = YES;
				CLANG_WARN_EMPTY_BODY = YES;
				CLANG_WARN_ENUM_CONVERSION = YES;
				CLANG_WARN_INFINITE_RECURSION = YES;
				CLANG_WARN_INT_CONVERSION = YES;
				CLANG_WARN_NON_LITERAL_NULL_CONVERSION = YES;
				CLANG_WARN_OBJC_IMPLICIT_RETAIN_SELF = YES;
				CLANG_WARN_OBJC_LITERAL_CONVERSION = YES;
				CLANG_WARN_OBJC_ROOT_CLASS = YES_ERROR;
				CLANG_WARN_QUOTED_INCLUDE_IN_FRAMEWORK_HEADER = YES;
				CLANG_WARN_RANGE_LOOP_ANALYSIS = YES;
				CLANG_WARN_STRICT_PROTOTYPES = YES;
				CLANG_WARN_SUSPICIOUS_MOVE = YES;
				CLANG_WARN_UNGUARDED_AVAILABILITY = YES_AGGRESSIVE;
				CLANG_WARN_UNREACHABLE_CODE = YES;
				CLANG_WARN__DUPLICATE_METHOD_MATCH = YES;
				COPY_PHASE_STRIP = NO;
				DEBUG_INFORMATION_FORMAT = "dwarf-with-dsym";
				ENABLE_NS_ASSERTIONS = NO;
				ENABLE_STRICT_OBJC_MSGSEND = YES;
				GCC_C_LANGUAGE_STANDARD = gnu11;
				GCC_NO_COMMON_BLOCKS = YES;
				GCC_WARN_64_TO_32_BIT_CONVERSION = YES;
				GCC_WARN_ABOUT_RETURN_TYPE = YES_ERROR;
				GCC_WARN_UNDECLARED_SELECTOR = YES;
				GCC_WARN_UNINITIALIZED_AUTOS = YES_AGGRESSIVE;
				GCC_WARN_UNUSED_FUNCTION = YES;
				GCC_WARN_UNUSED_VARIABLE = YES;
				IPHONEOS_DEPLOYMENT_TARGET = 14.0;
				MTL_ENABLE_DEBUG_INFO = NO;
				MTL_FAST_MATH = YES;
				SDKROOT = iphoneos;
				SWIFT_COMPILATION_MODE = wholemodule;
				SWIFT_OPTIMIZATION_LEVEL = "-O";
				VALIDATE_PRODUCT = YES;
			};
			name = Release;
		};
		752EEFEC2529746600ED7415 /* Debug */ = {
			isa = XCBuildConfiguration;
			baseConfigurationReference = 7107BEB71196714FA3114AD6 /* Pods-SkyWay Test.debug.xcconfig */;
			buildSettings = {
				ASSETCATALOG_COMPILER_APPICON_NAME = AppIcon;
				ASSETCATALOG_COMPILER_GLOBAL_ACCENT_COLOR_NAME = AccentColor;
				CODE_SIGN_STYLE = Automatic;
				DEVELOPMENT_TEAM = G6G99FH3BK;
				INFOPLIST_FILE = "SkyWay Test/Info.plist";
				IPHONEOS_DEPLOYMENT_TARGET = 12.0;
				LD_RUNPATH_SEARCH_PATHS = (
					"$(inherited)",
					"@executable_path/Frameworks",
				);
				PRODUCT_BUNDLE_IDENTIFIER = "b1018133-fun.ac.jp.SkyWay-Test";
				PRODUCT_NAME = "$(TARGET_NAME)";
				SWIFT_VERSION = 5.0;
				TARGETED_DEVICE_FAMILY = "1,2";
			};
			name = Debug;
		};
		752EEFED2529746600ED7415 /* Release */ = {
			isa = XCBuildConfiguration;
			baseConfigurationReference = 6AF1B879B95D71530234FDF6 /* Pods-SkyWay Test.release.xcconfig */;
			buildSettings = {
				ASSETCATALOG_COMPILER_APPICON_NAME = AppIcon;
				ASSETCATALOG_COMPILER_GLOBAL_ACCENT_COLOR_NAME = AccentColor;
				CODE_SIGN_STYLE = Automatic;
				DEVELOPMENT_TEAM = G6G99FH3BK;
				INFOPLIST_FILE = "SkyWay Test/Info.plist";
				IPHONEOS_DEPLOYMENT_TARGET = 12.0;
				LD_RUNPATH_SEARCH_PATHS = (
					"$(inherited)",
					"@executable_path/Frameworks",
				);
				PRODUCT_BUNDLE_IDENTIFIER = "b1018133-fun.ac.jp.SkyWay-Test";
				PRODUCT_NAME = "$(TARGET_NAME)";
				SWIFT_VERSION = 5.0;
				TARGETED_DEVICE_FAMILY = "1,2";
			};
			name = Release;
		};
/* End XCBuildConfiguration section */

/* Begin XCConfigurationList section */
		752EEFD22529746400ED7415 /* Build configuration list for PBXProject "SkyWay Test" */ = {
			isa = XCConfigurationList;
			buildConfigurations = (
				752EEFE92529746600ED7415 /* Debug */,
				752EEFEA2529746600ED7415 /* Release */,
			);
			defaultConfigurationIsVisible = 0;
			defaultConfigurationName = Release;
		};
		752EEFEB2529746600ED7415 /* Build configuration list for PBXNativeTarget "SkyWay Test" */ = {
			isa = XCConfigurationList;
			buildConfigurations = (
				752EEFEC2529746600ED7415 /* Debug */,
				752EEFED2529746600ED7415 /* Release */,
			);
			defaultConfigurationIsVisible = 0;
			defaultConfigurationName = Release;
		};
/* End XCConfigurationList section */
	};
	rootObject = 752EEFCF2529746400ED7415 /* Project object */;
}
